
Microsoft Visual Studio Solution File, Format Version 12.00
# Visual Studio Version 17
VisualStudioVersion = 17.1.32210.238
MinimumVisualStudioVersion = 10.0.40219.1
Project("{FAE04EC0-301F-11D3-BF4B-00C04F79EFBC}") = "macrocalc", "macrocalc\macrocalc.csproj", "{B9F80619-481B-4A91-AEFD-F91CD7D2CA79}"
EndProject
Global
	GlobalSection(SolutionConfigurationPlatforms) = preSolution
		Debug|Any CPU = Debug|Any CPU
		Release|Any CPU = Release|Any CPU
	EndGlobalSection
	GlobalSection(ProjectConfigurationPlatforms) = postSolution
		{B9F80619-481B-4A91-AEFD-F91CD7D2CA79}.Debug|Any CPU.ActiveCfg = Debug|Any CPU
		{B9F80619-481B-4A91-AEFD-F91CD7D2CA79}.Debug|Any CPU.Build.0 = Debug|Any CPU
		{B9F80619-481B-4A91-AEFD-F91CD7D2CA79}.Release|Any CPU.ActiveCfg = Release|Any CPU
		{B9F80619-481B-4A91-AEFD-F91CD7D2CA79}.Release|Any CPU.Build.0 = Release|Any CPU
	EndGlobalSection
	GlobalSection(SolutionProperties) = preSolution
		HideSolutionNode = FALSE
	EndGlobalSection
	GlobalSection(ExtensibilityGlobals) = postSolution
		SolutionGuid = {75920369-2FFE-4564-926D-42D964051DCA}
	EndGlobalSection
EndGlobal
